
Microsoft Visual Studio Solution File, Format Version 12.00
# Visual Studio Version 16
VisualStudioVersion = 16.0.29102.190
MinimumVisualStudioVersion = 10.0.40219.1
Project("{FAE04EC0-301F-11D3-BF4B-00C04F79EFBC}") = "HtmlConverter", "HtmlConverter\HtmlConverter.csproj", "{E33DC949-9668-4025-8F3E-B971052126BC}"
EndProject
Project("{FAE04EC0-301F-11D3-BF4B-00C04F79EFBC}") = "Jaze.Domain", "Jaze.Domain\Jaze.Domain.csproj", "{8BF5658A-80E1-45D3-9EDC-32EBE8731FEB}"
EndProject
Project("{FAE04EC0-301F-11D3-BF4B-00C04F79EFBC}") = "Jaze.UI", "Jaze.UI\Jaze.UI.csproj", "{3D151FB2-98F6-4499-8E49-88AD46565136}"
EndProject
Global
	GlobalSection(SolutionConfigurationPlatforms) = preSolution
		Debug|Any CPU = Debug|Any CPU
		Debug|x86 = Debug|x86
		Release|Any CPU = Release|Any CPU
		Release|x86 = Release|x86
	EndGlobalSection
	GlobalSection(ProjectConfigurationPlatforms) = postSolution
		{E33DC949-9668-4025-8F3E-B971052126BC}.Debug|Any CPU.ActiveCfg = Debug|Any CPU
		{E33DC949-9668-4025-8F3E-B971052126BC}.Debug|Any CPU.Build.0 = Debug|Any CPU
		{E33DC949-9668-4025-8F3E-B971052126BC}.Debug|x86.ActiveCfg = Debug|Any CPU
		{E33DC949-9668-4025-8F3E-B971052126BC}.Debug|x86.Build.0 = Debug|Any CPU
		{E33DC949-9668-4025-8F3E-B971052126BC}.Release|Any CPU.ActiveCfg = Release|Any CPU
		{E33DC949-9668-4025-8F3E-B971052126BC}.Release|Any CPU.Build.0 = Release|Any CPU
		{E33DC949-9668-4025-8F3E-B971052126BC}.Release|x86.ActiveCfg = Release|Any CPU
		{E33DC949-9668-4025-8F3E-B971052126BC}.Release|x86.Build.0 = Release|Any CPU
		{8BF5658A-80E1-45D3-9EDC-32EBE8731FEB}.Debug|Any CPU.ActiveCfg = Debug|Any CPU
		{8BF5658A-80E1-45D3-9EDC-32EBE8731FEB}.Debug|Any CPU.Build.0 = Debug|Any CPU
		{8BF5658A-80E1-45D3-9EDC-32EBE8731FEB}.Debug|x86.ActiveCfg = Debug|Any CPU
		{8BF5658A-80E1-45D3-9EDC-32EBE8731FEB}.Debug|x86.Build.0 = Debug|Any CPU
		{8BF5658A-80E1-45D3-9EDC-32EBE8731FEB}.Release|Any CPU.ActiveCfg = Release|Any CPU
		{8BF5658A-80E1-45D3-9EDC-32EBE8731FEB}.Release|Any CPU.Build.0 = Release|Any CPU
		{8BF5658A-80E1-45D3-9EDC-32EBE8731FEB}.Release|x86.ActiveCfg = Release|Any CPU
		{8BF5658A-80E1-45D3-9EDC-32EBE8731FEB}.Release|x86.Build.0 = Release|Any CPU
		{3D151FB2-98F6-4499-8E49-88AD46565136}.Debug|Any CPU.ActiveCfg = Debug|Any CPU
		{3D151FB2-98F6-4499-8E49-88AD46565136}.Debug|Any CPU.Build.0 = Debug|Any CPU
		{3D151FB2-98F6-4499-8E49-88AD46565136}.Debug|x86.ActiveCfg = Debug|Any CPU
		{3D151FB2-98F6-4499-8E49-88AD46565136}.Debug|x86.Build.0 = Debug|Any CPU
		{3D151FB2-98F6-4499-8E49-88AD46565136}.Release|Any CPU.ActiveCfg = Release|Any CPU
		{3D151FB2-98F6-4499-8E49-88AD46565136}.Release|Any CPU.Build.0 = Release|Any CPU
		{3D151FB2-98F6-4499-8E49-88AD46565136}.Release|x86.ActiveCfg = Release|Any CPU
		{3D151FB2-98F6-4499-8E49-88AD46565136}.Release|x86.Build.0 = Release|Any CPU
	EndGlobalSection
	GlobalSection(SolutionProperties) = preSolution
		HideSolutionNode = FALSE
	EndGlobalSection
	GlobalSection(ExtensibilityGlobals) = postSolution
		SolutionGuid = {6BF3BB69-DD26-464D-A13B-80E7DAD203DA}
	EndGlobalSection
EndGlobal
